
Microsoft Visual Studio Solution File, Format Version 12.00
# Visual Studio Version 16
VisualStudioVersion = 16.0.30621.155
MinimumVisualStudioVersion = 10.0.40219.1
Project("{9A19103F-16F7-4668-BE54-9A1E7A4F7556}") = "FirstProject", "FirstProject\FirstProject.csproj", "{229A8BC8-AE7E-4A13-BEA6-3F48064C9C7E}"
EndProject
Project("{9A19103F-16F7-4668-BE54-9A1E7A4F7556}") = "Secondproject", "Secondproject\Secondproject.csproj", "{4D060C1E-BA7F-4203-8688-8C39B78D55C9}"
EndProject
Project("{FAE04EC0-301F-11D3-BF4B-00C04F79EFBC}") = "ProjectThree", "ProjectThree\ProjectThree.csproj", "{1A664339-762F-4DCA-B3AD-8ED54D6586DF}"
EndProject
Project("{2150E333-8FDC-42A3-9474-1A3956D46DE8}") = "NewFolder1", "NewFolder1", "{3296965B-8D6C-4F25-BC4C-2EF32FE9E484}"
EndProject
Project("{2150E333-8FDC-42A3-9474-1A3956D46DE8}") = "Topic 3", "Topic 3", "{58DF2211-8895-4C2C-90F6-4363EB22B4F0}"
EndProject
Project("{FAE04EC0-301F-11D3-BF4B-00C04F79EFBC}") = "Assignment1", "Assignment1\Assignment1.csproj", "{60DDE0DD-7398-4F7A-A5A9-81D90550B63A}"
EndProject
Project("{FAE04EC0-301F-11D3-BF4B-00C04F79EFBC}") = "Assignment2", "Assignment2\Assignment2.csproj", "{F5DAECC5-5E6E-432F-B240-F075C3EAA4B4}"
EndProject
Global
	GlobalSection(SolutionConfigurationPlatforms) = preSolution
		Debug|Any CPU = Debug|Any CPU
		Release|Any CPU = Release|Any CPU
	EndGlobalSection
	GlobalSection(ProjectConfigurationPlatforms) = postSolution
		{229A8BC8-AE7E-4A13-BEA6-3F48064C9C7E}.Debug|Any CPU.ActiveCfg = Debug|Any CPU
		{229A8BC8-AE7E-4A13-BEA6-3F48064C9C7E}.Debug|Any CPU.Build.0 = Debug|Any CPU
		{229A8BC8-AE7E-4A13-BEA6-3F48064C9C7E}.Release|Any CPU.ActiveCfg = Release|Any CPU
		{229A8BC8-AE7E-4A13-BEA6-3F48064C9C7E}.Release|Any CPU.Build.0 = Release|Any CPU
		{4D060C1E-BA7F-4203-8688-8C39B78D55C9}.Debug|Any CPU.ActiveCfg = Debug|Any CPU
		{4D060C1E-BA7F-4203-8688-8C39B78D55C9}.Debug|Any CPU.Build.0 = Debug|Any CPU
		{4D060C1E-BA7F-4203-8688-8C39B78D55C9}.Release|Any CPU.ActiveCfg = Release|Any CPU
		{4D060C1E-BA7F-4203-8688-8C39B78D55C9}.Release|Any CPU.Build.0 = Release|Any CPU
		{1A664339-762F-4DCA-B3AD-8ED54D6586DF}.Debug|Any CPU.ActiveCfg = Debug|Any CPU
		{1A664339-762F-4DCA-B3AD-8ED54D6586DF}.Debug|Any CPU.Build.0 = Debug|Any CPU
		{1A664339-762F-4DCA-B3AD-8ED54D6586DF}.Release|Any CPU.ActiveCfg = Release|Any CPU
		{1A664339-762F-4DCA-B3AD-8ED54D6586DF}.Release|Any CPU.Build.0 = Release|Any CPU
		{60DDE0DD-7398-4F7A-A5A9-81D90550B63A}.Debug|Any CPU.ActiveCfg = Debug|Any CPU
		{60DDE0DD-7398-4F7A-A5A9-81D90550B63A}.Debug|Any CPU.Build.0 = Debug|Any CPU
		{60DDE0DD-7398-4F7A-A5A9-81D90550B63A}.Release|Any CPU.ActiveCfg = Release|Any CPU
		{60DDE0DD-7398-4F7A-A5A9-81D90550B63A}.Release|Any CPU.Build.0 = Release|Any CPU
		{F5DAECC5-5E6E-432F-B240-F075C3EAA4B4}.Debug|Any CPU.ActiveCfg = Debug|Any CPU
		{F5DAECC5-5E6E-432F-B240-F075C3EAA4B4}.Debug|Any CPU.Build.0 = Debug|Any CPU
		{F5DAECC5-5E6E-432F-B240-F075C3EAA4B4}.Release|Any CPU.ActiveCfg = Release|Any CPU
		{F5DAECC5-5E6E-432F-B240-F075C3EAA4B4}.Release|Any CPU.Build.0 = Release|Any CPU
	EndGlobalSection
	GlobalSection(SolutionProperties) = preSolution
		HideSolutionNode = FALSE
	EndGlobalSection
	GlobalSection(NestedProjects) = preSolution
		{229A8BC8-AE7E-4A13-BEA6-3F48064C9C7E} = {3296965B-8D6C-4F25-BC4C-2EF32FE9E484}
		{4D060C1E-BA7F-4203-8688-8C39B78D55C9} = {3296965B-8D6C-4F25-BC4C-2EF32FE9E484}
		{1A664339-762F-4DCA-B3AD-8ED54D6586DF} = {3296965B-8D6C-4F25-BC4C-2EF32FE9E484}
		{60DDE0DD-7398-4F7A-A5A9-81D90550B63A} = {58DF2211-8895-4C2C-90F6-4363EB22B4F0}
		{F5DAECC5-5E6E-432F-B240-F075C3EAA4B4} = {58DF2211-8895-4C2C-90F6-4363EB22B4F0}
	EndGlobalSection
	GlobalSection(ExtensibilityGlobals) = postSolution
		SolutionGuid = {A0FFFBBA-4465-4D59-B337-868EB4EBD39B}
	EndGlobalSection
EndGlobal
